
Microsoft Visual Studio Solution File, Format Version 12.00
# Visual Studio Version 17
VisualStudioVersion = 17.1.32421.90
MinimumVisualStudioVersion = 10.0.40219.1
Project("{8BC9CEB8-8B4A-11D0-8D11-00A0C91BC942}") = "TheLightingBall", "TheLightingBall\TheLightingBall.vcxproj", "{0956A2DC-69E3-49B0-BC6D-677A6A5845AF}"
EndProject
Global
	GlobalSection(SolutionConfigurationPlatforms) = preSolution
		Debug|x64 = Debug|x64
		Debug|x86 = Debug|x86
		Release|x64 = Release|x64
		Release|x86 = Release|x86
	EndGlobalSection
	GlobalSection(ProjectConfigurationPlatforms) = postSolution
		{0956A2DC-69E3-49B0-BC6D-677A6A5845AF}.Debug|x64.ActiveCfg = Debug|x64
		{0956A2DC-69E3-49B0-BC6D-677A6A5845AF}.Debug|x64.Build.0 = Debug|x64
		{0956A2DC-69E3-49B0-BC6D-677A6A5845AF}.Debug|x86.ActiveCfg = Debug|Win32
		{0956A2DC-69E3-49B0-BC6D-677A6A5845AF}.Debug|x86.Build.0 = Debug|Win32
		{0956A2DC-69E3-49B0-BC6D-677A6A5845AF}.Release|x64.ActiveCfg = Release|x64
		{0956A2DC-69E3-49B0-BC6D-677A6A5845AF}.Release|x64.Build.0 = Release|x64
		{0956A2DC-69E3-49B0-BC6D-677A6A5845AF}.Release|x86.ActiveCfg = Release|Win32
		{0956A2DC-69E3-49B0-BC6D-677A6A5845AF}.Release|x86.Build.0 = Release|Win32
	EndGlobalSection
	GlobalSection(SolutionProperties) = preSolution
		HideSolutionNode = FALSE
	EndGlobalSection
	GlobalSection(ExtensibilityGlobals) = postSolution
		SolutionGuid = {6C54899E-2C68-40C5-9350-08247C6C4249}
	EndGlobalSection
EndGlobal
